
Microsoft Visual Studio Solution File, Format Version 12.00
# Visual Studio Version 17
VisualStudioVersion = 17.8.34525.116
MinimumVisualStudioVersion = 10.0.40219.1
Project("{9A19103F-16F7-4668-BE54-9A1E7A4F7556}") = "Notely.API", "Notely.API\Notely.API.csproj", "{62BD3141-C1AE-4DE1-A43C-2A222EF5118C}"
EndProject
Project("{9A19103F-16F7-4668-BE54-9A1E7A4F7556}") = "Notely.Models", "Notely.Models\Notely.Models.csproj", "{8E1094C4-5F9F-47DA-BC4B-39331998BD76}"
EndProject
Project("{FAE04EC0-301F-11D3-BF4B-00C04F79EFBC}") = "Notely.Repository", "Notely.Repository\Notely.Repository.csproj", "{12334C36-8115-4BF7-B466-3BF276F54B41}"
EndProject
Global
	GlobalSection(SolutionConfigurationPlatforms) = preSolution
		Debug|Any CPU = Debug|Any CPU
		Release|Any CPU = Release|Any CPU
	EndGlobalSection
	GlobalSection(ProjectConfigurationPlatforms) = postSolution
		{62BD3141-C1AE-4DE1-A43C-2A222EF5118C}.Debug|Any CPU.ActiveCfg = Debug|Any CPU
		{62BD3141-C1AE-4DE1-A43C-2A222EF5118C}.Debug|Any CPU.Build.0 = Debug|Any CPU
		{62BD3141-C1AE-4DE1-A43C-2A222EF5118C}.Release|Any CPU.ActiveCfg = Release|Any CPU
		{62BD3141-C1AE-4DE1-A43C-2A222EF5118C}.Release|Any CPU.Build.0 = Release|Any CPU
		{8E1094C4-5F9F-47DA-BC4B-39331998BD76}.Debug|Any CPU.ActiveCfg = Debug|Any CPU
		{8E1094C4-5F9F-47DA-BC4B-39331998BD76}.Debug|Any CPU.Build.0 = Debug|Any CPU
		{8E1094C4-5F9F-47DA-BC4B-39331998BD76}.Release|Any CPU.ActiveCfg = Release|Any CPU
		{8E1094C4-5F9F-47DA-BC4B-39331998BD76}.Release|Any CPU.Build.0 = Release|Any CPU
		{12334C36-8115-4BF7-B466-3BF276F54B41}.Debug|Any CPU.ActiveCfg = Debug|Any CPU
		{12334C36-8115-4BF7-B466-3BF276F54B41}.Debug|Any CPU.Build.0 = Debug|Any CPU
		{12334C36-8115-4BF7-B466-3BF276F54B41}.Release|Any CPU.ActiveCfg = Release|Any CPU
		{12334C36-8115-4BF7-B466-3BF276F54B41}.Release|Any CPU.Build.0 = Release|Any CPU
	EndGlobalSection
	GlobalSection(SolutionProperties) = preSolution
		HideSolutionNode = FALSE
	EndGlobalSection
	GlobalSection(ExtensibilityGlobals) = postSolution
		SolutionGuid = {890EB604-5F38-47CE-857C-C66817F76A8D}
	EndGlobalSection
EndGlobal
